dependencies:
- name: traefik
  repository: https://traefik.github.io/charts
  version: 26.0.0
- name: cert-manager
  repository: https://charts.jetstack.io
  version: v1.14.2
- name: external-dns
  repository: https://kubernetes-sigs.github.io/external-dns/
  version: 1.14.3
- name: rbac-manager
  repository: https://charts.fairwinds.com/stable
  version: 1.19.0
digest: sha256:f1e83e15ee4ed99f8036a41db5749ac6369bbda91bae3ec19c45ea451b8a1f67
generated: "2024-02-17T21:02:07.252781-03:00"
