dependencies:
- name: traefik
  repository: https://traefik.github.io/charts
  version: 26.1.0
- name: cert-manager
  repository: https://charts.jetstack.io
  version: v1.14.2
- name: external-dns
  repository: https://kubernetes-sigs.github.io/external-dns/
  version: 1.14.3
- name: rbac-manager
  repository: https://charts.fairwinds.com/stable
  version: 1.19.0
digest: sha256:47faf6bfbdbff5493e205d1bdc0a3939ed1391a69f7c4e462cd85a7889bb0399
generated: "2024-02-19T12:08:27.524089-03:00"
