dependencies:
- name: loki
  repository: https://grafana.github.io/helm-charts
  version: 5.43.2
- name: kube-prometheus-stack
  repository: https://prometheus-community.github.io/helm-charts
  version: 56.8.2
digest: sha256:ab4a08212c4fd9cfecb275ee29cf740d20fc14379312eadcaaae28a61f743db2
generated: "2024-02-22T05:04:17.509084-03:00"
